
Microsoft Visual Studio Solution File, Format Version 12.00
Project("{FAE04EC0-301F-11D3-BF4B-00C04F79EFBC}") = "Thaval.ProjectManagement.Domain", "Thaval.ProjectManagement.Domain\Thaval.ProjectManagement.Domain.csproj", "{DD535BAC-FD10-4BF4-B731-B8C4DBBCE683}"
EndProject
Project("{FAE04EC0-301F-11D3-BF4B-00C04F79EFBC}") = "Thaval.ProjectManagement.Infrastructure", "Thaval.ProjectManagement.Infrastructure\Thaval.ProjectManagement.Infrastructure.csproj", "{BA62243F-5F55-40F5-B97E-9122DFE8161D}"
EndProject
Global
	GlobalSection(SolutionConfigurationPlatforms) = preSolution
		Debug|Any CPU = Debug|Any CPU
		Release|Any CPU = Release|Any CPU
	EndGlobalSection
	GlobalSection(ProjectConfigurationPlatforms) = postSolution
		{DD535BAC-FD10-4BF4-B731-B8C4DBBCE683}.Debug|Any CPU.ActiveCfg = Debug|Any CPU
		{DD535BAC-FD10-4BF4-B731-B8C4DBBCE683}.Debug|Any CPU.Build.0 = Debug|Any CPU
		{DD535BAC-FD10-4BF4-B731-B8C4DBBCE683}.Release|Any CPU.ActiveCfg = Release|Any CPU
		{DD535BAC-FD10-4BF4-B731-B8C4DBBCE683}.Release|Any CPU.Build.0 = Release|Any CPU
		{BA62243F-5F55-40F5-B97E-9122DFE8161D}.Debug|Any CPU.ActiveCfg = Debug|Any CPU
		{BA62243F-5F55-40F5-B97E-9122DFE8161D}.Debug|Any CPU.Build.0 = Debug|Any CPU
		{BA62243F-5F55-40F5-B97E-9122DFE8161D}.Release|Any CPU.ActiveCfg = Release|Any CPU
		{BA62243F-5F55-40F5-B97E-9122DFE8161D}.Release|Any CPU.Build.0 = Release|Any CPU
	EndGlobalSection
EndGlobal
